
Microsoft Visual Studio Solution File, Format Version 12.00
# Visual Studio Version 17
VisualStudioVersion = 17.0.31612.314
MinimumVisualStudioVersion = 10.0.40219.1
Project("{9A19103F-16F7-4668-BE54-9A1E7A4F7556}") = "Api", "Api\Api.csproj", "{03BA039C-B855-4D2B-8CA4-EFA5E45B035B}"
EndProject
Project("{9A19103F-16F7-4668-BE54-9A1E7A4F7556}") = "Messages", "Messages\Messages.csproj", "{2B26F8F8-5F32-4731-903F-059178250CD3}"
EndProject
Project("{9A19103F-16F7-4668-BE54-9A1E7A4F7556}") = "Worker", "Worker\Worker.csproj", "{5977FF4A-1441-4B6B-86C7-0AC29E62E1F3}"
EndProject
Global
	GlobalSection(SolutionConfigurationPlatforms) = preSolution
		Debug|Any CPU = Debug|Any CPU
		Release|Any CPU = Release|Any CPU
	EndGlobalSection
	GlobalSection(ProjectConfigurationPlatforms) = postSolution
		{03BA039C-B855-4D2B-8CA4-EFA5E45B035B}.Debug|Any CPU.ActiveCfg = Debug|Any CPU
		{03BA039C-B855-4D2B-8CA4-EFA5E45B035B}.Debug|Any CPU.Build.0 = Debug|Any CPU
		{03BA039C-B855-4D2B-8CA4-EFA5E45B035B}.Release|Any CPU.ActiveCfg = Release|Any CPU
		{03BA039C-B855-4D2B-8CA4-EFA5E45B035B}.Release|Any CPU.Build.0 = Release|Any CPU
		{2B26F8F8-5F32-4731-903F-059178250CD3}.Debug|Any CPU.ActiveCfg = Debug|Any CPU
		{2B26F8F8-5F32-4731-903F-059178250CD3}.Debug|Any CPU.Build.0 = Debug|Any CPU
		{2B26F8F8-5F32-4731-903F-059178250CD3}.Release|Any CPU.ActiveCfg = Release|Any CPU
		{2B26F8F8-5F32-4731-903F-059178250CD3}.Release|Any CPU.Build.0 = Release|Any CPU
		{5977FF4A-1441-4B6B-86C7-0AC29E62E1F3}.Debug|Any CPU.ActiveCfg = Debug|Any CPU
		{5977FF4A-1441-4B6B-86C7-0AC29E62E1F3}.Debug|Any CPU.Build.0 = Debug|Any CPU
		{5977FF4A-1441-4B6B-86C7-0AC29E62E1F3}.Release|Any CPU.ActiveCfg = Release|Any CPU
		{5977FF4A-1441-4B6B-86C7-0AC29E62E1F3}.Release|Any CPU.Build.0 = Release|Any CPU
	EndGlobalSection
	GlobalSection(SolutionProperties) = preSolution
		HideSolutionNode = FALSE
	EndGlobalSection
	GlobalSection(ExtensibilityGlobals) = postSolution
		SolutionGuid = {F81093C9-6336-412C-A827-16082253AC91}
	EndGlobalSection
EndGlobal
